
Microsoft Visual Studio Solution File, Format Version 12.00
# Visual Studio Version 17
VisualStudioVersion = 17.3.32611.2
MinimumVisualStudioVersion = 10.0.40219.1
Project("{9A19103F-16F7-4668-BE54-9A1E7A4F7556}") = "Maui.zBind", "Maui.zBind\Maui.zBind.csproj", "{8A2C44CB-ADCE-4691-B7AB-FCA231540554}"
EndProject
Project("{9A19103F-16F7-4668-BE54-9A1E7A4F7556}") = "Maui.zBindSample", "Maui.zBindSample\Maui.zBindSample.csproj", "{DAE8B4F4-F78A-46BC-A5FB-1B94232F9A16}"
EndProject
Project("{2150E333-8FDC-42A3-9474-1A3956D46DE8}") = "Solution Items", "Solution Items", "{567E4801-746F-49EA-9E37-73634B0A74E6}"
	ProjectSection(SolutionItems) = preProject
		License.txt = License.txt
	EndProjectSection
EndProject
Global
	GlobalSection(SolutionConfigurationPlatforms) = preSolution
		Debug|Any CPU = Debug|Any CPU
		Release|Any CPU = Release|Any CPU
	EndGlobalSection
	GlobalSection(ProjectConfigurationPlatforms) = postSolution
		{8A2C44CB-ADCE-4691-B7AB-FCA231540554}.Debug|Any CPU.ActiveCfg = Debug|Any CPU
		{8A2C44CB-ADCE-4691-B7AB-FCA231540554}.Debug|Any CPU.Build.0 = Debug|Any CPU
		{8A2C44CB-ADCE-4691-B7AB-FCA231540554}.Release|Any CPU.ActiveCfg = Release|Any CPU
		{8A2C44CB-ADCE-4691-B7AB-FCA231540554}.Release|Any CPU.Build.0 = Release|Any CPU
		{DAE8B4F4-F78A-46BC-A5FB-1B94232F9A16}.Debug|Any CPU.ActiveCfg = Debug|Any CPU
		{DAE8B4F4-F78A-46BC-A5FB-1B94232F9A16}.Debug|Any CPU.Build.0 = Debug|Any CPU
		{DAE8B4F4-F78A-46BC-A5FB-1B94232F9A16}.Debug|Any CPU.Deploy.0 = Debug|Any CPU
		{DAE8B4F4-F78A-46BC-A5FB-1B94232F9A16}.Release|Any CPU.ActiveCfg = Release|Any CPU
		{DAE8B4F4-F78A-46BC-A5FB-1B94232F9A16}.Release|Any CPU.Build.0 = Release|Any CPU
		{DAE8B4F4-F78A-46BC-A5FB-1B94232F9A16}.Release|Any CPU.Deploy.0 = Release|Any CPU
	EndGlobalSection
	GlobalSection(SolutionProperties) = preSolution
		HideSolutionNode = FALSE
	EndGlobalSection
	GlobalSection(ExtensibilityGlobals) = postSolution
		SolutionGuid = {EEDD4725-07EC-414A-A3C1-2ED0EFAFDD93}
	EndGlobalSection
EndGlobal
